
Microsoft Visual Studio Solution File, Format Version 11.00
# Visual Studio 2010
Project("{FAE04EC0-301F-11D3-BF4B-00C04F79EFBC}") = "DOAP", "DOAP.csproj", "{D709D6F5-9F2E-494B-BE7B-10CD408B300A}"
EndProject
Project("{FAE04EC0-301F-11D3-BF4B-00C04F79EFBC}") = "DOAP.WCF", "..\DOAP.WCF\DOAP.WCF.csproj", "{D594F3F7-A745-4451-AB28-CCD00AE04161}"
EndProject
Project("{2150E333-8FDC-42A3-9474-1A3956D46DE8}") = "Example", "Example", "{60E8D9F3-AC95-443A-8D53-5C67CF0BAB30}"
EndProject
Project("{FAE04EC0-301F-11D3-BF4B-00C04F79EFBC}") = "DOAP.WCFExample", "..\DOAP.WCFExample\DOAP.WCFExample.csproj", "{31FC7CD5-AD15-40CF-A32A-EFCD6D4FBF9D}"
EndProject
Global
	GlobalSection(SolutionConfigurationPlatforms) = preSolution
		Debug|Any CPU = Debug|Any CPU
		Release|Any CPU = Release|Any CPU
	EndGlobalSection
	GlobalSection(ProjectConfigurationPlatforms) = postSolution
		{D709D6F5-9F2E-494B-BE7B-10CD408B300A}.Debug|Any CPU.ActiveCfg = Debug|Any CPU
		{D709D6F5-9F2E-494B-BE7B-10CD408B300A}.Debug|Any CPU.Build.0 = Debug|Any CPU
		{D709D6F5-9F2E-494B-BE7B-10CD408B300A}.Release|Any CPU.ActiveCfg = Release|Any CPU
		{D709D6F5-9F2E-494B-BE7B-10CD408B300A}.Release|Any CPU.Build.0 = Release|Any CPU
		{D594F3F7-A745-4451-AB28-CCD00AE04161}.Debug|Any CPU.ActiveCfg = Debug|Any CPU
		{D594F3F7-A745-4451-AB28-CCD00AE04161}.Debug|Any CPU.Build.0 = Debug|Any CPU
		{D594F3F7-A745-4451-AB28-CCD00AE04161}.Release|Any CPU.ActiveCfg = Release|Any CPU
		{D594F3F7-A745-4451-AB28-CCD00AE04161}.Release|Any CPU.Build.0 = Release|Any CPU
		{31FC7CD5-AD15-40CF-A32A-EFCD6D4FBF9D}.Debug|Any CPU.ActiveCfg = Debug|Any CPU
		{31FC7CD5-AD15-40CF-A32A-EFCD6D4FBF9D}.Debug|Any CPU.Build.0 = Debug|Any CPU
		{31FC7CD5-AD15-40CF-A32A-EFCD6D4FBF9D}.Release|Any CPU.ActiveCfg = Release|Any CPU
		{31FC7CD5-AD15-40CF-A32A-EFCD6D4FBF9D}.Release|Any CPU.Build.0 = Release|Any CPU
	EndGlobalSection
	GlobalSection(SolutionProperties) = preSolution
		HideSolutionNode = FALSE
	EndGlobalSection
	GlobalSection(NestedProjects) = preSolution
		{31FC7CD5-AD15-40CF-A32A-EFCD6D4FBF9D} = {60E8D9F3-AC95-443A-8D53-5C67CF0BAB30}
	EndGlobalSection
EndGlobal
